
Microsoft Visual Studio Solution File, Format Version 12.00
# Visual Studio Version 16
VisualStudioVersion = 16.0.29905.134
MinimumVisualStudioVersion = 10.0.40219.1
Project("{FAE04EC0-301F-11D3-BF4B-00C04F79EFBC}") = "BattleOfShips", "BattleOfShips\BattleOfShips.csproj", "{F163D381-CAE1-4F08-805C-5D15B3D7F195}"
EndProject
Global
	GlobalSection(SolutionConfigurationPlatforms) = preSolution
		Debug|Any CPU = Debug|Any CPU
		Release|Any CPU = Release|Any CPU
	EndGlobalSection
	GlobalSection(ProjectConfigurationPlatforms) = postSolution
		{F163D381-CAE1-4F08-805C-5D15B3D7F195}.Debug|Any CPU.ActiveCfg = Debug|Any CPU
		{F163D381-CAE1-4F08-805C-5D15B3D7F195}.Debug|Any CPU.Build.0 = Debug|Any CPU
		{F163D381-CAE1-4F08-805C-5D15B3D7F195}.Release|Any CPU.ActiveCfg = Release|Any CPU
		{F163D381-CAE1-4F08-805C-5D15B3D7F195}.Release|Any CPU.Build.0 = Release|Any CPU
	EndGlobalSection
	GlobalSection(SolutionProperties) = preSolution
		HideSolutionNode = FALSE
	EndGlobalSection
	GlobalSection(ExtensibilityGlobals) = postSolution
		SolutionGuid = {C4DE3C33-D5A1-4DA2-82C3-ED86F1E4447C}
	EndGlobalSection
EndGlobal
